{
  "name": "monorepo",
  "lockfileVersion": 3,
  "requires": true,
  "packages": {
    "": {
      "dependencies": {
        "@helia/ipns": "^7.2.0",
        "chance": "^1.1.11",
        "uuid": "^9.0.1"
      },
      "devDependencies": {
        "@types/mocha": "^10.0.6",
        "typedoc-plugin-coverage": "^3.1.0",
        "typedoc-plugin-inline-sources": "^1.0.2"
      }
    },
    "node_modules/@chainsafe/is-ip": {
      "version": "2.0.2",
      "resolved": "https://registry.npmjs.org/@chainsafe/is-ip/-/is-ip-2.0.2.tgz",
      "integrity": "sha512-ndGqEMG1W5WkGagaqOZHpPU172AGdxr+LD15sv3WIUvT5oCFUrG1Y0CW/v2Egwj4JXEvSibaIIIqImsm98y1nA=="
    },
    "node_modules/@chainsafe/netmask": {
      "version": "2.0.0",
      "resolved": "https://registry.npmjs.org/@chainsafe/netmask/-/netmask-2.0.0.tgz",
      "integrity": "sha512-I3Z+6SWUoaljh3TBzCnCxjlUyN8tA+NAk5L6m9IxvCf1BENQTePzPMis97CoN/iMW1St3WN+AWCCRp+TTBRiDg==",
      "dependencies": {
        "@chainsafe/is-ip": "^2.0.1"
      }
    },
    "node_modules/@helia/interface": {
      "version": "4.1.0",
      "resolved": "https://registry.npmjs.org/@helia/interface/-/interface-4.1.0.tgz",
      "integrity": "sha512-uSuUEhV9njhMRCc44EtMW9mvXsshEke4qxyIy4YNiZfgDs1vPfbn6/QHHgS7gIMPBCkg+v/mCRdBAyTjW3d2dg==",
      "dependencies": {
        "@libp2p/interface": "^1.1.4",
        "@multiformats/dns": "^1.0.1",
        "interface-blockstore": "^5.2.10",
        "interface-datastore": "^8.2.11",
        "interface-store": "^5.1.8",
        "multiformats": "^13.1.0",
        "progress-events": "^1.0.0"
      }
    },
    "node_modules/@helia/ipns": {
      "version": "7.2.0",
      "resolved": "https://registry.npmjs.org/@helia/ipns/-/ipns-7.2.0.tgz",
      "integrity": "sha512-N+YyaDZONYuHDJNckXXAN2N/HKPNO3lQHKumvrphCVVohfxwUKZ5rk/H5bMIWIXskRFF0rrgNKP4W3TOvFNLpw==",
      "dependencies": {
        "@helia/interface": "^4.1.0",
        "@libp2p/interface": "^1.1.4",
        "@libp2p/kad-dht": "^12.0.8",
        "@libp2p/logger": "^4.0.7",
        "@libp2p/peer-id": "^4.0.7",
        "@multiformats/dns": "^1.0.1",
        "interface-datastore": "^8.2.11",
        "ipns": "^9.1.0",
        "multiformats": "^13.1.0",
        "progress-events": "^1.0.0",
        "uint8arrays": "^5.0.2"
      }
    },
    "node_modules/@leichtgewicht/ip-codec": {
      "version": "2.0.5",
      "resolved": "https://registry.npmjs.org/@leichtgewicht/ip-codec/-/ip-codec-2.0.5.tgz",
      "integrity": "sha512-Vo+PSpZG2/fmgmiNzYK9qWRh8h/CHrwD0mo1h1DzL4yzHNSfWYujGTYsWGreD000gcgmZ7K4Ys6Tx9TxtsKdDw=="
    },
    "node_modules/@libp2p/crypto": {
      "version": "4.0.5",
      "resolved": "https://registry.npmjs.org/@libp2p/crypto/-/crypto-4.0.5.tgz",
      "integrity": "sha512-gV5Lu+BP08wp0UkUTffJgy/M/Q0Q8cqjAYnapk/scZXYgN3M5cMRooX2b7FLkjR/aieAeMtf5YLoKJNyU27qSQ==",
      "dependencies": {
        "@libp2p/interface": "^1.1.6",
        "@noble/curves": "^1.4.0",
        "@noble/hashes": "^1.4.0",
        "asn1js": "^3.0.5",
        "multiformats": "^13.1.0",
        "protons-runtime": "^5.4.0",
        "uint8arraylist": "^2.4.8",
        "uint8arrays": "^5.0.3"
      }
    },
    "node_modules/@libp2p/interface": {
      "version": "1.1.6",
      "resolved": "https://registry.npmjs.org/@libp2p/interface/-/interface-1.1.6.tgz",
      "integrity": "sha512-CLz6TAZf+Mw1PCIU8pjMIct1uh3A1fIene2/t+E57Tw4uJLCBJE9CLed/Opxliy5RH0e32Aa6bi4QSXtkJTK7A==",
      "dependencies": {
        "@multiformats/multiaddr": "^12.2.1",
        "it-pushable": "^3.2.3",
        "it-stream-types": "^2.0.1",
        "multiformats": "^13.1.0",
        "progress-events": "^1.0.0",
        "uint8arraylist": "^2.4.8"
      }
    },
    "node_modules/@libp2p/interface-internal": {
      "version": "1.0.11",
      "resolved": "https://registry.npmjs.org/@libp2p/interface-internal/-/interface-internal-1.0.11.tgz",
      "integrity": "sha512-9AMgDKl3vodiCaJ3ffrVbIJml5LpVhNhiABRrvBar8cCDnQXyV7Tn2vKNyyIGIBoMOi6gMV4iyELofsP0HkkRg==",
      "dependencies": {
        "@libp2p/interface": "^1.1.6",
        "@libp2p/peer-collections": "^5.1.9",
        "@multiformats/multiaddr": "^12.2.1",
        "uint8arraylist": "^2.4.8"
      }
    },
    "node_modules/@libp2p/kad-dht": {
      "version": "12.0.11",
      "resolved": "https://registry.npmjs.org/@libp2p/kad-dht/-/kad-dht-12.0.11.tgz",
      "integrity": "sha512-yZCSAv4RK/IrUQZPjRB5N+hqcOTYKkVxRVtpyPqGBkZCA/4lB9VkmHrplWmmSB2Pv/T8tIS3g2L7GgiM2m/fKw==",
      "dependencies": {
        "@libp2p/crypto": "^4.0.5",
        "@libp2p/interface": "^1.1.6",
        "@libp2p/interface-internal": "^1.0.11",
        "@libp2p/peer-collections": "^5.1.9",
        "@libp2p/peer-id": "^4.0.9",
        "@libp2p/record": "^4.0.0",
        "@libp2p/utils": "^5.2.8",
        "@multiformats/multiaddr": "^12.2.1",
        "any-signal": "^4.1.1",
        "hashlru": "^2.3.0",
        "interface-datastore": "^8.2.11",
        "it-drain": "^3.0.5",
        "it-length": "^3.0.4",
        "it-length-prefixed": "^9.0.4",
        "it-map": "^3.0.5",
        "it-merge": "^3.0.3",
        "it-parallel": "^3.0.6",
        "it-pipe": "^3.0.1",
        "it-protobuf-stream": "^1.1.2",
        "it-pushable": "^3.2.3",
        "it-take": "^3.0.4",
        "multiformats": "^13.1.0",
        "p-defer": "^4.0.1",
        "p-event": "^6.0.1",
        "p-queue": "^8.0.1",
        "progress-events": "^1.0.0",
        "protons-runtime": "^5.4.0",
        "race-signal": "^1.0.2",
        "uint8-varint": "^2.0.4",
        "uint8arraylist": "^2.4.8",
        "uint8arrays": "^5.0.3"
      }
    },
    "node_modules/@libp2p/logger": {
      "version": "4.0.9",
      "resolved": "https://registry.npmjs.org/@libp2p/logger/-/logger-4.0.9.tgz",
      "integrity": "sha512-eGjFvMGA2FtNrnQuI6YwYY5jviA00lTMAKi8pF3eH0TCnEokSYJ9LxBLwZNgIzrWuwZwO+sf4SsY1YBEisFf5Q==",
      "dependencies": {
        "@libp2p/interface": "^1.1.6",
        "@multiformats/multiaddr": "^12.2.1",
        "debug": "^4.3.4",
        "interface-datastore": "^8.2.11",
        "multiformats": "^13.1.0"
      }
    },
    "node_modules/@libp2p/peer-collections": {
      "version": "5.1.9",
      "resolved": "https://registry.npmjs.org/@libp2p/peer-collections/-/peer-collections-5.1.9.tgz",
      "integrity": "sha512-xaNV+YXPaYN9Woyd/5c//ppTCi3KnseZRRxAMT1pXYUB3uL8cfMZSWnQbE8h8Q0kZw5BXrO13xPPVU7OtAr67w==",
      "dependencies": {
        "@libp2p/interface": "^1.1.6",
        "@libp2p/peer-id": "^4.0.9"
      }
    },
    "node_modules/@libp2p/peer-id": {
      "version": "4.0.9",
      "resolved": "https://registry.npmjs.org/@libp2p/peer-id/-/peer-id-4.0.9.tgz",
      "integrity": "sha512-XrGimVDNym7BXPGBJetC1RyNU8N22NJLBzjM1FXADnlUsJZyKRZOkE8wRTqpLvVptnQImqobe1PVPkirjxZEwA==",
      "dependencies": {
        "@libp2p/interface": "^1.1.6",
        "multiformats": "^13.1.0",
        "uint8arrays": "^5.0.3"
      }
    },
    "node_modules/@libp2p/record": {
      "version": "4.0.0",
      "resolved": "https://registry.npmjs.org/@libp2p/record/-/record-4.0.0.tgz",
      "integrity": "sha512-qEbLgKj1DY6K0B9LFXXm0hdCmMJdkfrxFMa5/pOe9PufaRPCAOABYmbPYQQmDNI8UrwWJbf47tj+pmDS57SLTw==",
      "dependencies": {
        "protons-runtime": "^5.4.0",
        "uint8arraylist": "^2.4.8",
        "uint8arrays": "^5.0.3"
      }
    },
    "node_modules/@libp2p/utils": {
      "version": "5.2.8",
      "resolved": "https://registry.npmjs.org/@libp2p/utils/-/utils-5.2.8.tgz",
      "integrity": "sha512-gAATwKXh3UhRb6hQOhezT6uC8os6VRt4UkK8S2gQhcjTDaFW4cbfF0oQ3gkXpPJYi/rm8t9JCZmv1btbd5O+jA==",
      "dependencies": {
        "@chainsafe/is-ip": "^2.0.2",
        "@libp2p/interface": "^1.1.6",
        "@libp2p/logger": "^4.0.9",
        "@multiformats/multiaddr": "^12.2.1",
        "@multiformats/multiaddr-matcher": "^1.2.0",
        "delay": "^6.0.0",
        "get-iterator": "^2.0.1",
        "is-loopback-addr": "^2.0.2",
        "it-pushable": "^3.2.3",
        "it-stream-types": "^2.0.1",
        "netmask": "^2.0.2",
        "p-defer": "^4.0.1",
        "race-event": "^1.2.0",
        "race-signal": "^1.0.2",
        "uint8arraylist": "^2.4.8"
      }
    },
    "node_modules/@multiformats/dns": {
      "version": "1.0.5",
      "resolved": "https://registry.npmjs.org/@multiformats/dns/-/dns-1.0.5.tgz",
      "integrity": "sha512-qP42WXdmK5D0KTMervvkE9N1l+1WbReMk9UwCmvE6iPterZgtNcNO5LQVfUrl0xqajQG9wDlom+a8YwA+sa5KQ==",
      "dependencies": {
        "@types/dns-packet": "^5.6.5",
        "buffer": "^6.0.3",
        "dns-packet": "^5.6.1",
        "hashlru": "^2.3.0",
        "p-queue": "^8.0.1",
        "progress-events": "^1.0.0",
        "uint8arrays": "^5.0.2"
      }
    },
    "node_modules/@multiformats/multiaddr": {
      "version": "12.2.1",
      "resolved": "https://registry.npmjs.org/@multiformats/multiaddr/-/multiaddr-12.2.1.tgz",
      "integrity": "sha512-UwjoArBbv64FlaetV4DDwh+PUMfzXUBltxQwdh+uTYnGFzVa8ZfJsn1vt1RJlJ6+Xtrm3RMekF/B+K338i2L5Q==",
      "dependencies": {
        "@chainsafe/is-ip": "^2.0.1",
        "@chainsafe/netmask": "^2.0.0",
        "@libp2p/interface": "^1.0.0",
        "@multiformats/dns": "^1.0.3",
        "multiformats": "^13.0.0",
        "uint8-varint": "^2.0.1",
        "uint8arrays": "^5.0.0"
      }
    },
    "node_modules/@multiformats/multiaddr-matcher": {
      "version": "1.2.0",
      "resolved": "https://registry.npmjs.org/@multiformats/multiaddr-matcher/-/multiaddr-matcher-1.2.0.tgz",
      "integrity": "sha512-LH6yR7h3HSNKcxuvvi2UpLuowuVkYC6H9Y3jqmKuTai8XtKnXtW6NcDZFD/ooTBY+H4yX/scoJpjOalHrk5qdQ==",
      "dependencies": {
        "@chainsafe/is-ip": "^2.0.1",
        "@multiformats/multiaddr": "^12.0.0",
        "multiformats": "^13.0.0"
      }
    },
    "node_modules/@noble/curves": {
      "version": "1.4.0",
      "resolved": "https://registry.npmjs.org/@noble/curves/-/curves-1.4.0.tgz",
      "integrity": "sha512-p+4cb332SFCrReJkCYe8Xzm0OWi4Jji5jVdIZRL/PmacmDkFNw6MrrV+gGpiPxLHbV+zKFRywUWbaseT+tZRXg==",
      "dependencies": {
        "@noble/hashes": "1.4.0"
      },
      "funding": {
        "url": "https://paulmillr.com/funding/"
      }
    },
    "node_modules/@noble/hashes": {
      "version": "1.4.0",
      "resolved": "https://registry.npmjs.org/@noble/hashes/-/hashes-1.4.0.tgz",
      "integrity": "sha512-V1JJ1WTRUqHHrOSh597hURcMqVKVGL/ea3kv0gSnEdsEZ0/+VyPghM1lMNGc00z7CIQorSvbKpuJkxvuHbvdbg==",
      "engines": {
        "node": ">= 16"
      },
      "funding": {
        "url": "https://paulmillr.com/funding/"
      }
    },
    "node_modules/@types/dns-packet": {
      "version": "5.6.5",
      "resolved": "https://registry.npmjs.org/@types/dns-packet/-/dns-packet-5.6.5.tgz",
      "integrity": "sha512-qXOC7XLOEe43ehtWJCMnQXvgcIpv6rPmQ1jXT98Ad8A3TB1Ue50jsCbSSSyuazScEuZ/Q026vHbrOTVkmwA+7Q==",
      "dependencies": {
        "@types/node": "*"
      }
    },
    "node_modules/@types/mocha": {
      "version": "10.0.6",
      "resolved": "https://registry.npmjs.org/@types/mocha/-/mocha-10.0.6.tgz",
      "integrity": "sha512-dJvrYWxP/UcXm36Qn36fxhUKu8A/xMRXVT2cliFF1Z7UA9liG5Psj3ezNSZw+5puH2czDXRLcXQxf8JbJt0ejg==",
      "dev": true
    },
    "node_modules/@types/node": {
      "version": "20.12.5",
      "resolved": "https://registry.npmjs.org/@types/node/-/node-20.12.5.tgz",
      "integrity": "sha512-BD+BjQ9LS/D8ST9p5uqBxghlN+S42iuNxjsUGjeZobe/ciXzk2qb1B6IXc6AnRLS+yFJRpN2IPEHMzwspfDJNw==",
      "dependencies": {
        "undici-types": "~5.26.4"
      }
    },
    "node_modules/ansi-sequence-parser": {
      "version": "1.1.1",
      "resolved": "https://registry.npmjs.org/ansi-sequence-parser/-/ansi-sequence-parser-1.1.1.tgz",
      "integrity": "sha512-vJXt3yiaUL4UU546s3rPXlsry/RnM730G1+HkpKE012AN0sx1eOrxSu95oKDIonskeLTijMgqWZ3uDEe3NFvyg==",
      "dev": true,
      "peer": true
    },
    "node_modules/any-signal": {
      "version": "4.1.1",
      "resolved": "https://registry.npmjs.org/any-signal/-/any-signal-4.1.1.tgz",
      "integrity": "sha512-iADenERppdC+A2YKbOXXB2WUeABLaM6qnpZ70kZbPZ1cZMMJ7eF+3CaYm+/PhBizgkzlvssC7QuHS30oOiQYWA==",
      "engines": {
        "node": ">=16.0.0",
        "npm": ">=7.0.0"
      }
    },
    "node_modules/asn1js": {
      "version": "3.0.5",
      "resolved": "https://registry.npmjs.org/asn1js/-/asn1js-3.0.5.tgz",
      "integrity": "sha512-FVnvrKJwpt9LP2lAMl8qZswRNm3T4q9CON+bxldk2iwk3FFpuwhx2FfinyitizWHsVYyaY+y5JzDR0rCMV5yTQ==",
      "dependencies": {
        "pvtsutils": "^1.3.2",
        "pvutils": "^1.1.3",
        "tslib": "^2.4.0"
      },
      "engines": {
        "node": ">=12.0.0"
      }
    },
    "node_modules/balanced-match": {
      "version": "1.0.2",
      "resolved": "https://registry.npmjs.org/balanced-match/-/balanced-match-1.0.2.tgz",
      "integrity": "sha512-3oSeUO0TMV67hN1AmbXsK4yaqU7tjiHlbxRDZOpH0KW9+CeX4bRAaX0Anxt0tx2MrpRpWwQaPwIlISEJhYU5Pw==",
      "dev": true,
      "peer": true
    },
    "node_modules/base64-js": {
      "version": "1.5.1",
      "resolved": "https://registry.npmjs.org/base64-js/-/base64-js-1.5.1.tgz",
      "integrity": "sha512-AKpaYlHn8t4SVbOHCy+b5+KKgvR4vrsD8vbvrbiQJps7fKDTkjkDry6ji0rUJjC0kzbNePLwzxq8iypo41qeWA==",
      "funding": [
        {
          "type": "github",
          "url": "https://github.com/sponsors/feross"
        },
        {
          "type": "patreon",
          "url": "https://www.patreon.com/feross"
        },
        {
          "type": "consulting",
          "url": "https://feross.org/support"
        }
      ]
    },
    "node_modules/brace-expansion": {
      "version": "2.0.1",
      "resolved": "https://registry.npmjs.org/brace-expansion/-/brace-expansion-2.0.1.tgz",
      "integrity": "sha512-XnAIvQ8eM+kC6aULx6wuQiwVsnzsi9d3WxzV3FpWTGA19F621kwdbsAcFKXgKUHZWsy+mY6iL1sHTxWEFCytDA==",
      "dev": true,
      "peer": true,
      "dependencies": {
        "balanced-match": "^1.0.0"
      }
    },
    "node_modules/buffer": {
      "version": "6.0.3",
      "resolved": "https://registry.npmjs.org/buffer/-/buffer-6.0.3.tgz",
      "integrity": "sha512-FTiCpNxtwiZZHEZbcbTIcZjERVICn9yq/pDFkTl95/AxzD1naBctN7YO68riM/gLSDY7sdrMby8hofADYuuqOA==",
      "funding": [
        {
          "type": "github",
          "url": "https://github.com/sponsors/feross"
        },
        {
          "type": "patreon",
          "url": "https://www.patreon.com/feross"
        },
        {
          "type": "consulting",
          "url": "https://feross.org/support"
        }
      ],
      "dependencies": {
        "base64-js": "^1.3.1",
        "ieee754": "^1.2.1"
      }
    },
    "node_modules/cborg": {
      "version": "4.2.0",
      "resolved": "https://registry.npmjs.org/cborg/-/cborg-4.2.0.tgz",
      "integrity": "sha512-q6cFW5m3KxfP/9xGI3yGLaC1l5DP6DWM9IvjiJojnIwohL5CQDl02EXViPV852mOfQo+7PJGPN01MI87vFGzyA==",
      "bin": {
        "cborg": "lib/bin.js"
      }
    },
    "node_modules/chance": {
      "version": "1.1.11",
      "resolved": "https://registry.npmjs.org/chance/-/chance-1.1.11.tgz",
      "integrity": "sha512-kqTg3WWywappJPqtgrdvbA380VoXO2eu9VCV895JgbyHsaErXdyHK9LOZ911OvAk6L0obK7kDk9CGs8+oBawVA=="
    },
    "node_modules/debug": {
      "version": "4.3.4",
      "resolved": "https://registry.npmjs.org/debug/-/debug-4.3.4.tgz",
      "integrity": "sha512-PRWFHuSU3eDtQJPvnNY7Jcket1j0t5OuOsFzPPzsekD52Zl8qUfFIPEiswXqIvHWGVHOgX+7G/vCNNhehwxfkQ==",
      "dependencies": {
        "ms": "2.1.2"
      },
      "engines": {
        "node": ">=6.0"
      },
      "peerDependenciesMeta": {
        "supports-color": {
          "optional": true
        }
      }
    },
    "node_modules/delay": {
      "version": "6.0.0",
      "resolved": "https://registry.npmjs.org/delay/-/delay-6.0.0.tgz",
      "integrity": "sha512-2NJozoOHQ4NuZuVIr5CWd0iiLVIRSDepakaovIN+9eIDHEhdCAEvSy2cuf1DCrPPQLvHmbqTHODlhHg8UCy4zw==",
      "engines": {
        "node": ">=16"
      },
      "funding": {
        "url": "https://github.com/sponsors/sindresorhus"
      }
    },
    "node_modules/dns-packet": {
      "version": "5.6.1",
      "resolved": "https://registry.npmjs.org/dns-packet/-/dns-packet-5.6.1.tgz",
      "integrity": "sha512-l4gcSouhcgIKRvyy99RNVOgxXiicE+2jZoNmaNmZ6JXiGajBOJAesk1OBlJuM5k2c+eudGdLxDqXuPCKIj6kpw==",
      "dependencies": {
        "@leichtgewicht/ip-codec": "^2.0.1"
      },
      "engines": {
        "node": ">=6"
      }
    },
    "node_modules/err-code": {
      "version": "3.0.1",
      "resolved": "https://registry.npmjs.org/err-code/-/err-code-3.0.1.tgz",
      "integrity": "sha512-GiaH0KJUewYok+eeY05IIgjtAe4Yltygk9Wqp1V5yVWLdhf0hYZchRjNIT9bb0mSwRcIusT3cx7PJUf3zEIfUA=="
    },
    "node_modules/eventemitter3": {
      "version": "5.0.1",
      "resolved": "https://registry.npmjs.org/eventemitter3/-/eventemitter3-5.0.1.tgz",
      "integrity": "sha512-GWkBvjiSZK87ELrYOSESUYeVIc9mvLLf/nXalMOS5dYrgZq9o5OVkbZAVM06CVxYsCwH9BDZFPlQTlPA1j4ahA=="
    },
    "node_modules/get-iterator": {
      "version": "2.0.1",
      "resolved": "https://registry.npmjs.org/get-iterator/-/get-iterator-2.0.1.tgz",
      "integrity": "sha512-7HuY/hebu4gryTDT7O/XY/fvY9wRByEGdK6QOa4of8npTcv0+NS6frFKABcf6S9EBAsveTuKTsZQQBFMMNILIg=="
    },
    "node_modules/hashlru": {
      "version": "2.3.0",
      "resolved": "https://registry.npmjs.org/hashlru/-/hashlru-2.3.0.tgz",
      "integrity": "sha512-0cMsjjIC8I+D3M44pOQdsy0OHXGLVz6Z0beRuufhKa0KfaD2wGwAev6jILzXsd3/vpnNQJmWyZtIILqM1N+n5A=="
    },
    "node_modules/ieee754": {
      "version": "1.2.1",
      "resolved": "https://registry.npmjs.org/ieee754/-/ieee754-1.2.1.tgz",
      "integrity": "sha512-dcyqhDvX1C46lXZcVqCpK+FtMRQVdIMN6/Df5js2zouUsqG7I6sFxitIC+7KYK29KdXOLHdu9zL4sFnoVQnqaA==",
      "funding": [
        {
          "type": "github",
          "url": "https://github.com/sponsors/feross"
        },
        {
          "type": "patreon",
          "url": "https://www.patreon.com/feross"
        },
        {
          "type": "consulting",
          "url": "https://feross.org/support"
        }
      ]
    },
    "node_modules/interface-blockstore": {
      "version": "5.2.10",
      "resolved": "https://registry.npmjs.org/interface-blockstore/-/interface-blockstore-5.2.10.tgz",
      "integrity": "sha512-9K48hTvBCGsKVD3pF4ILgDcf+W2P/gq0oxLcsHGB6E6W6nDutYkzR+7k7bCs9REHrBEfKzcVDEKieiuNM9WRZg==",
      "dependencies": {
        "interface-store": "^5.0.0",
        "multiformats": "^13.0.1"
      }
    },
    "node_modules/interface-datastore": {
      "version": "8.2.11",
      "resolved": "https://registry.npmjs.org/interface-datastore/-/interface-datastore-8.2.11.tgz",
      "integrity": "sha512-9E0iXehfp/j0UbZ2mvlYB4K9pP7uQBCppfuy8WHs1EHF6wLQrM9+zwyX+8Qt6HnH4GKZRyXX/CNXm6oD4+QYgA==",
      "dependencies": {
        "interface-store": "^5.0.0",
        "uint8arrays": "^5.0.2"
      }
    },
    "node_modules/interface-store": {
      "version": "5.1.8",
      "resolved": "https://registry.npmjs.org/interface-store/-/interface-store-5.1.8.tgz",
      "integrity": "sha512-7na81Uxkl0vqk0CBPO5PvyTkdaJBaezwUJGsMOz7riPOq0rJt+7W31iaopaMICWea/iykUsvNlPx/Tc+MxC3/w=="
    },
    "node_modules/ipns": {
      "version": "9.1.0",
      "resolved": "https://registry.npmjs.org/ipns/-/ipns-9.1.0.tgz",
      "integrity": "sha512-up2o1Qx9tSSfh73k69j3/Acacua6JbffTe5xA8+/fv6ibkQyhriMPHlgae1896DwmQkJrusKgBs7EAOi3yrO2w==",
      "dependencies": {
        "@libp2p/crypto": "^4.0.0",
        "@libp2p/interface": "^1.1.0",
        "@libp2p/logger": "^4.0.3",
        "@libp2p/peer-id": "^4.0.3",
        "cborg": "^4.0.1",
        "err-code": "^3.0.1",
        "interface-datastore": "^8.1.0",
        "multiformats": "^13.0.0",
        "protons-runtime": "^5.2.1",
        "timestamp-nano": "^1.0.0",
        "uint8arraylist": "^2.4.8",
        "uint8arrays": "^5.0.1"
      }
    },
    "node_modules/is-loopback-addr": {
      "version": "2.0.2",
      "resolved": "https://registry.npmjs.org/is-loopback-addr/-/is-loopback-addr-2.0.2.tgz",
      "integrity": "sha512-26POf2KRCno/KTNL5Q0b/9TYnL00xEsSaLfiFRmjM7m7Lw7ZMmFybzzuX4CcsLAluZGd+niLUiMRxEooVE3aqg=="
    },
    "node_modules/it-byte-stream": {
      "version": "1.0.8",
      "resolved": "https://registry.npmjs.org/it-byte-stream/-/it-byte-stream-1.0.8.tgz",
      "integrity": "sha512-H32LbN6kdX8HXqH68z5uivfkVYJEi5tIPRwIQNR5Qsx3uoDRhYdBRHzf3NOVAf6vqulFUSQLuU+Y0rs/QeWn3A==",
      "dependencies": {
        "it-stream-types": "^2.0.1",
        "p-defer": "^4.0.0",
        "race-signal": "^1.0.1",
        "uint8arraylist": "^2.4.1"
      }
    },
    "node_modules/it-drain": {
      "version": "3.0.5",
      "resolved": "https://registry.npmjs.org/it-drain/-/it-drain-3.0.5.tgz",
      "integrity": "sha512-qYFe4SWdvs9oJGUY5bSjvmiLUMLzFEODNOQUdYdCIkuIgQF+AUB2INhM4yQ09buJ2rhHKDFxvTD/+yUq6qg0XA=="
    },
    "node_modules/it-length": {
      "version": "3.0.4",
      "resolved": "https://registry.npmjs.org/it-length/-/it-length-3.0.4.tgz",
      "integrity": "sha512-RS3thYkvqtWksrV7SaAnTv+pgY7ozpS17HlRvWvcnoRjVyNJMuffdCkIKpKNPTq5uZw9zVnkVKLO077pJn5Yhg=="
    },
    "node_modules/it-length-prefixed": {
      "version": "9.0.4",
      "resolved": "https://registry.npmjs.org/it-length-prefixed/-/it-length-prefixed-9.0.4.tgz",
      "integrity": "sha512-lz28fykbG0jq7s5XtvlzGxO5BeSOw6ikymkRllxjL21V5VKLcvB4pHr9wPvEnsAJ2et1xpOk3BRTMq9XrhgKsg==",
      "dependencies": {
        "err-code": "^3.0.1",
        "it-reader": "^6.0.1",
        "it-stream-types": "^2.0.1",
        "uint8-varint": "^2.0.1",
        "uint8arraylist": "^2.0.0",
        "uint8arrays": "^5.0.1"
      },
      "engines": {
        "node": ">=16.0.0",
        "npm": ">=7.0.0"
      }
    },
    "node_modules/it-length-prefixed-stream": {
      "version": "1.1.6",
      "resolved": "https://registry.npmjs.org/it-length-prefixed-stream/-/it-length-prefixed-stream-1.1.6.tgz",
      "integrity": "sha512-MEby4r8n3XIYXjaWT3DweCuhBPQmFVT8RdI1BNjYQ5gelbFD3NLdjYpTI3TVmSEs/aJfgpfVFZzy6iP7OCxIgw==",
      "dependencies": {
        "it-byte-stream": "^1.0.0",
        "it-stream-types": "^2.0.1",
        "uint8-varint": "^2.0.1",
        "uint8arraylist": "^2.4.1"
      }
    },
    "node_modules/it-map": {
      "version": "3.0.5",
      "resolved": "https://registry.npmjs.org/it-map/-/it-map-3.0.5.tgz",
      "integrity": "sha512-hB0TDXo/h4KSJJDSRLgAPmDroiXP6Fx1ck4Bzl3US9hHfZweTKsuiP0y4gXuTMcJlS6vj0bb+f70rhkD47ZA3w==",
      "dependencies": {
        "it-peekable": "^3.0.0"
      }
    },
    "node_modules/it-merge": {
      "version": "3.0.3",
      "resolved": "https://registry.npmjs.org/it-merge/-/it-merge-3.0.3.tgz",
      "integrity": "sha512-FYVU15KC5pb/GQX1Ims+lee8d4pdqGVCpWr0lkNj8o4xuNo7jY71k6GuEiWdP+T7W1bJqewSxX5yoTy5yZpRVA==",
      "dependencies": {
        "it-pushable": "^3.2.0"
      }
    },
    "node_modules/it-parallel": {
      "version": "3.0.6",
      "resolved": "https://registry.npmjs.org/it-parallel/-/it-parallel-3.0.6.tgz",
      "integrity": "sha512-i7UM7I9LTkDJw3YIqXHFAPZX6CWYzGc+X3irdNrVExI4vPazrJdI7t5OqrSVN8CONXLAunCiqaSV/zZRbQR56A==",
      "dependencies": {
        "p-defer": "^4.0.0"
      }
    },
    "node_modules/it-peekable": {
      "version": "3.0.3",
      "resolved": "https://registry.npmjs.org/it-peekable/-/it-peekable-3.0.3.tgz",
      "integrity": "sha512-Wx21JX/rMzTEl9flx3DGHuPV1KQFGOl8uoKfQtmZHgPQtGb89eQ6RyVd82h3HuP9Ghpt0WgBDlmmdWeHXqyx7w=="
    },
    "node_modules/it-pipe": {
      "version": "3.0.1",
      "resolved": "https://registry.npmjs.org/it-pipe/-/it-pipe-3.0.1.tgz",
      "integrity": "sha512-sIoNrQl1qSRg2seYSBH/3QxWhJFn9PKYvOf/bHdtCBF0bnghey44VyASsWzn5dAx0DCDDABq1hZIuzKmtBZmKA==",
      "dependencies": {
        "it-merge": "^3.0.0",
        "it-pushable": "^3.1.2",
        "it-stream-types": "^2.0.1"
      },
      "engines": {
        "node": ">=16.0.0",
        "npm": ">=7.0.0"
      }
    },
    "node_modules/it-protobuf-stream": {
      "version": "1.1.2",
      "resolved": "https://registry.npmjs.org/it-protobuf-stream/-/it-protobuf-stream-1.1.2.tgz",
      "integrity": "sha512-epZBuG+7cPaTxCR/Lf3ApshBdA9qfflGPQLfLLrp9VQ0w67Z2xo4H+SLLetav57/29oPtAXwVaoyemg99JOWzA==",
      "dependencies": {
        "it-length-prefixed-stream": "^1.0.0",
        "it-stream-types": "^2.0.1",
        "protons-runtime": "^5.0.0",
        "uint8arraylist": "^2.4.1"
      }
    },
    "node_modules/it-pushable": {
      "version": "3.2.3",
      "resolved": "https://registry.npmjs.org/it-pushable/-/it-pushable-3.2.3.tgz",
      "integrity": "sha512-gzYnXYK8Y5t5b/BnJUr7glfQLO4U5vyb05gPx/TyTw+4Bv1zM9gFk4YsOrnulWefMewlphCjKkakFvj1y99Tcg==",
      "dependencies": {
        "p-defer": "^4.0.0"
      }
    },
    "node_modules/it-reader": {
      "version": "6.0.4",
      "resolved": "https://registry.npmjs.org/it-reader/-/it-reader-6.0.4.tgz",
      "integrity": "sha512-XCWifEcNFFjjBHtor4Sfaj8rcpt+FkY0L6WdhD578SCDhV4VUm7fCkF3dv5a+fTcfQqvN9BsxBTvWbYO6iCjTg==",
      "dependencies": {
        "it-stream-types": "^2.0.1",
        "uint8arraylist": "^2.0.0"
      },
      "engines": {
        "node": ">=16.0.0",
        "npm": ">=7.0.0"
      }
    },
    "node_modules/it-stream-types": {
      "version": "2.0.1",
      "resolved": "https://registry.npmjs.org/it-stream-types/-/it-stream-types-2.0.1.tgz",
      "integrity": "sha512-6DmOs5r7ERDbvS4q8yLKENcj6Yecr7QQTqWApbZdfAUTEC947d+PEha7PCqhm//9oxaLYL7TWRekwhoXl2s6fg==",
      "engines": {
        "node": ">=16.0.0",
        "npm": ">=7.0.0"
      }
    },
    "node_modules/it-take": {
      "version": "3.0.4",
      "resolved": "https://registry.npmjs.org/it-take/-/it-take-3.0.4.tgz",
      "integrity": "sha512-RG8HDjAZlvkzz5Nav4xq6gK5zNT+Ff1UTIf+CrSJW8nIl6N1FpBH5e7clUshiCn+MmmMoSdIEpw4UaTolszxhA=="
    },
    "node_modules/jsonc-parser": {
      "version": "3.2.1",
      "resolved": "https://registry.npmjs.org/jsonc-parser/-/jsonc-parser-3.2.1.tgz",
      "integrity": "sha512-AilxAyFOAcK5wA1+LeaySVBrHsGQvUFCDWXKpZjzaL0PqW+xfBOttn8GNtWKFWqneyMZj41MWF9Kl6iPWLwgOA==",
      "dev": true,
      "peer": true
    },
    "node_modules/lunr": {
      "version": "2.3.9",
      "resolved": "https://registry.npmjs.org/lunr/-/lunr-2.3.9.tgz",
      "integrity": "sha512-zTU3DaZaF3Rt9rhN3uBMGQD3dD2/vFQqnvZCDv4dl5iOzq2IZQqTxu90r4E5J+nP70J3ilqVCrbho2eWaeW8Ow==",
      "dev": true,
      "peer": true
    },
    "node_modules/marked": {
      "version": "4.3.0",
      "resolved": "https://registry.npmjs.org/marked/-/marked-4.3.0.tgz",
      "integrity": "sha512-PRsaiG84bK+AMvxziE/lCFss8juXjNaWzVbN5tXAm4XjeaS9NAHhop+PjQxz2A9h8Q4M/xGmzP8vqNwy6JeK0A==",
      "dev": true,
      "peer": true,
      "bin": {
        "marked": "bin/marked.js"
      },
      "engines": {
        "node": ">= 12"
      }
    },
    "node_modules/minimatch": {
      "version": "9.0.3",
      "resolved": "https://registry.npmjs.org/minimatch/-/minimatch-9.0.3.tgz",
      "integrity": "sha512-RHiac9mvaRw0x3AYRgDC1CxAP7HTcNrrECeA8YYJeWnpo+2Q5CegtZjaotWTWxDG3UeGA1coE05iH1mPjT/2mg==",
      "dev": true,
      "peer": true,
      "dependencies": {
        "brace-expansion": "^2.0.1"
      },
      "engines": {
        "node": ">=16 || 14 >=14.17"
      },
      "funding": {
        "url": "https://github.com/sponsors/isaacs"
      }
    },
    "node_modules/ms": {
      "version": "2.1.2",
      "resolved": "https://registry.npmjs.org/ms/-/ms-2.1.2.tgz",
      "integrity": "sha512-sGkPx+VjMtmA6MX27oA4FBFELFCZZ4S4XqeGOXCv68tT+jb3vk/RyaKWP0PTKyWtmLSM0b+adUTEvbs1PEaH2w=="
    },
    "node_modules/multiformats": {
      "version": "13.1.0",
      "resolved": "https://registry.npmjs.org/multiformats/-/multiformats-13.1.0.tgz",
      "integrity": "sha512-HzdtdBwxsIkzpeXzhQ5mAhhuxcHbjEHH+JQoxt7hG/2HGFjjwyolLo7hbaexcnhoEuV4e0TNJ8kkpMjiEYY4VQ=="
    },
    "node_modules/netmask": {
      "version": "2.0.2",
      "resolved": "https://registry.npmjs.org/netmask/-/netmask-2.0.2.tgz",
      "integrity": "sha512-dBpDMdxv9Irdq66304OLfEmQ9tbNRFnFTuZiLo+bD+r332bBmMJ8GBLXklIXXgxd3+v9+KUnZaUR5PJMa75Gsg==",
      "engines": {
        "node": ">= 0.4.0"
      }
    },
    "node_modules/p-defer": {
      "version": "4.0.1",
      "resolved": "https://registry.npmjs.org/p-defer/-/p-defer-4.0.1.tgz",
      "integrity": "sha512-Mr5KC5efvAK5VUptYEIopP1bakB85k2IWXaRC0rsh1uwn1L6M0LVml8OIQ4Gudg4oyZakf7FmeRLkMMtZW1i5A==",
      "engines": {
        "node": ">=12"
      },
      "funding": {
        "url": "https://github.com/sponsors/sindresorhus"
      }
    },
    "node_modules/p-event": {
      "version": "6.0.1",
      "resolved": "https://registry.npmjs.org/p-event/-/p-event-6.0.1.tgz",
      "integrity": "sha512-Q6Bekk5wpzW5qIyUP4gdMEujObYstZl6DMMOSenwBvV0BlE5LkDwkjs5yHbZmdCEq2o4RJx4tE1vwxFVf2FG1w==",
      "dependencies": {
        "p-timeout": "^6.1.2"
      },
      "engines": {
        "node": ">=16.17"
      },
      "funding": {
        "url": "https://github.com/sponsors/sindresorhus"
      }
    },
    "node_modules/p-queue": {
      "version": "8.0.1",
      "resolved": "https://registry.npmjs.org/p-queue/-/p-queue-8.0.1.tgz",
      "integrity": "sha512-NXzu9aQJTAzbBqOt2hwsR63ea7yvxJc0PwN/zobNAudYfb1B7R08SzB4TsLeSbUCuG467NhnoT0oO6w1qRO+BA==",
      "dependencies": {
        "eventemitter3": "^5.0.1",
        "p-timeout": "^6.1.2"
      },
      "engines": {
        "node": ">=18"
      },
      "funding": {
        "url": "https://github.com/sponsors/sindresorhus"
      }
    },
    "node_modules/p-timeout": {
      "version": "6.1.2",
      "resolved": "https://registry.npmjs.org/p-timeout/-/p-timeout-6.1.2.tgz",
      "integrity": "sha512-UbD77BuZ9Bc9aABo74gfXhNvzC9Tx7SxtHSh1fxvx3jTLLYvmVhiQZZrJzqqU0jKbN32kb5VOKiLEQI/3bIjgQ==",
      "engines": {
        "node": ">=14.16"
      },
      "funding": {
        "url": "https://github.com/sponsors/sindresorhus"
      }
    },
    "node_modules/progress-events": {
      "version": "1.0.0",
      "resolved": "https://registry.npmjs.org/progress-events/-/progress-events-1.0.0.tgz",
      "integrity": "sha512-zIB6QDrSbPfRg+33FZalluFIowkbV5Xh1xSuetjG+rlC5he6u2dc6VQJ0TbMdlN3R1RHdpOqxEFMKTnQ+itUwA==",
      "engines": {
        "node": ">=16.0.0",
        "npm": ">=7.0.0"
      }
    },
    "node_modules/protons-runtime": {
      "version": "5.4.0",
      "resolved": "https://registry.npmjs.org/protons-runtime/-/protons-runtime-5.4.0.tgz",
      "integrity": "sha512-XfA++W/WlQOSyjUyuF5lgYBfXZUEMP01Oh1C2dSwZAlF2e/ZrMRPfWonXj6BGM+o8Xciv7w0tsRMKYwYEuQvaw==",
      "dependencies": {
        "uint8-varint": "^2.0.2",
        "uint8arraylist": "^2.4.3",
        "uint8arrays": "^5.0.1"
      }
    },
    "node_modules/pvtsutils": {
      "version": "1.3.5",
      "resolved": "https://registry.npmjs.org/pvtsutils/-/pvtsutils-1.3.5.tgz",
      "integrity": "sha512-ARvb14YB9Nm2Xi6nBq1ZX6dAM0FsJnuk+31aUp4TrcZEdKUlSqOqsxJHUPJDNE3qiIp+iUPEIeR6Je/tgV7zsA==",
      "dependencies": {
        "tslib": "^2.6.1"
      }
    },
    "node_modules/pvutils": {
      "version": "1.1.3",
      "resolved": "https://registry.npmjs.org/pvutils/-/pvutils-1.1.3.tgz",
      "integrity": "sha512-pMpnA0qRdFp32b1sJl1wOJNxZLQ2cbQx+k6tjNtZ8CpvVhNqEPRgivZ2WOUev2YMajecdH7ctUPDvEe87nariQ==",
      "engines": {
        "node": ">=6.0.0"
      }
    },
    "node_modules/race-event": {
      "version": "1.2.0",
      "resolved": "https://registry.npmjs.org/race-event/-/race-event-1.2.0.tgz",
      "integrity": "sha512-7EvAjTu9uuKa03Jky8yfSy6/SnnMTh6nouNmdeWv9b0dT8eDZC5ylx30cOR9YO9otQorVjjkIuSHQ5Ml/bKwMw=="
    },
    "node_modules/race-signal": {
      "version": "1.0.2",
      "resolved": "https://registry.npmjs.org/race-signal/-/race-signal-1.0.2.tgz",
      "integrity": "sha512-o3xNv0iTcIDQCXFlF6fPAMEBRjFxssgGoRqLbg06m+AdzEXXLUmoNOoUHTVz2NoBI8hHwKFKoC6IqyNtWr2bww=="
    },
    "node_modules/shiki": {
      "version": "0.14.7",
      "resolved": "https://registry.npmjs.org/shiki/-/shiki-0.14.7.tgz",
      "integrity": "sha512-dNPAPrxSc87ua2sKJ3H5dQ/6ZaY8RNnaAqK+t0eG7p0Soi2ydiqbGOTaZCqaYvA/uZYfS1LJnemt3Q+mSfcPCg==",
      "dev": true,
      "peer": true,
      "dependencies": {
        "ansi-sequence-parser": "^1.1.0",
        "jsonc-parser": "^3.2.0",
        "vscode-oniguruma": "^1.7.0",
        "vscode-textmate": "^8.0.0"
      }
    },
    "node_modules/timestamp-nano": {
      "version": "1.0.1",
      "resolved": "https://registry.npmjs.org/timestamp-nano/-/timestamp-nano-1.0.1.tgz",
      "integrity": "sha512-4oGOVZWTu5sl89PtCDnhQBSt7/vL1zVEwAfxH1p49JhTosxzVQWYBYFRFZ8nJmo0G6f824iyP/44BFAwIoKvIA==",
      "engines": {
        "node": ">= 4.5.0"
      }
    },
    "node_modules/tslib": {
      "version": "2.6.2",
      "resolved": "https://registry.npmjs.org/tslib/-/tslib-2.6.2.tgz",
      "integrity": "sha512-AEYxH93jGFPn/a2iVAwW87VuUIkR1FVUKB77NwMF7nBTDkDrrT/Hpt/IrCJ0QXhW27jTBDcf5ZY7w6RiqTMw2Q=="
    },
    "node_modules/typedoc": {
      "version": "0.25.12",
      "resolved": "https://registry.npmjs.org/typedoc/-/typedoc-0.25.12.tgz",
      "integrity": "sha512-F+qhkK2VoTweDXd1c42GS/By2DvI2uDF4/EpG424dTexSHdtCH52C6IcAvMA6jR3DzAWZjHpUOW+E02kyPNUNw==",
      "dev": true,
      "peer": true,
      "dependencies": {
        "lunr": "^2.3.9",
        "marked": "^4.3.0",
        "minimatch": "^9.0.3",
        "shiki": "^0.14.7"
      },
      "bin": {
        "typedoc": "bin/typedoc"
      },
      "engines": {
        "node": ">= 16"
      },
      "peerDependencies": {
        "typescript": "4.6.x || 4.7.x || 4.8.x || 4.9.x || 5.0.x || 5.1.x || 5.2.x || 5.3.x || 5.4.x"
      }
    },
    "node_modules/typedoc-plugin-coverage": {
      "version": "3.1.0",
      "resolved": "https://registry.npmjs.org/typedoc-plugin-coverage/-/typedoc-plugin-coverage-3.1.0.tgz",
      "integrity": "sha512-fxeJRrxQR3yM/aFZU7mOuatgRCztiMCbeNiCRVZKY6VNgOcVMC1HS+ZfZnlbLLteUOdeWleSQ6yntuipz5zi6A==",
      "dev": true,
      "engines": {
        "node": ">= 18"
      },
      "peerDependencies": {
        "typedoc": "0.25.x"
      }
    },
    "node_modules/typedoc-plugin-inline-sources": {
      "version": "1.0.2",
      "resolved": "https://registry.npmjs.org/typedoc-plugin-inline-sources/-/typedoc-plugin-inline-sources-1.0.2.tgz",
      "integrity": "sha512-J1L2Ky6t5EeAI2fTqhcRii/ntxYN6lSPyKiaTKc/MIHgMTDh81elRvXPZFmvy+xMY9EEE9nlkUujfLGNo5c5Tw==",
      "dev": true,
      "engines": {
        "node": ">= 10.8.0"
      },
      "peerDependencies": {
        "typedoc": "^0.25.7"
      }
    },
    "node_modules/typescript": {
      "version": "5.4.2",
      "resolved": "https://registry.npmjs.org/typescript/-/typescript-5.4.2.tgz",
      "integrity": "sha512-+2/g0Fds1ERlP6JsakQQDXjZdZMM+rqpamFZJEKh4kwTIn3iDkgKtby0CeNd5ATNZ4Ry1ax15TMx0W2V+miizQ==",
      "dev": true,
      "peer": true,
      "bin": {
        "tsc": "bin/tsc",
        "tsserver": "bin/tsserver"
      },
      "engines": {
        "node": ">=14.17"
      }
    },
    "node_modules/uint8-varint": {
      "version": "2.0.4",
      "resolved": "https://registry.npmjs.org/uint8-varint/-/uint8-varint-2.0.4.tgz",
      "integrity": "sha512-FwpTa7ZGA/f/EssWAb5/YV6pHgVF1fViKdW8cWaEarjB8t7NyofSWBdOTyFPaGuUG4gx3v1O3PQ8etsiOs3lcw==",
      "dependencies": {
        "uint8arraylist": "^2.0.0",
        "uint8arrays": "^5.0.0"
      }
    },
    "node_modules/uint8arraylist": {
      "version": "2.4.8",
      "resolved": "https://registry.npmjs.org/uint8arraylist/-/uint8arraylist-2.4.8.tgz",
      "integrity": "sha512-vc1PlGOzglLF0eae1M8mLRTBivsvrGsdmJ5RbK3e+QRvRLOZfZhQROTwH/OfyF3+ZVUg9/8hE8bmKP2CvP9quQ==",
      "dependencies": {
        "uint8arrays": "^5.0.1"
      }
    },
    "node_modules/uint8arrays": {
      "version": "5.0.3",
      "resolved": "https://registry.npmjs.org/uint8arrays/-/uint8arrays-5.0.3.tgz",
      "integrity": "sha512-6LBuKji28kHjgPJMkQ6GDaBb1lRwIhyOYq6pDGwYMoDPfImE9SkuYENVmR0yu9yGgs2clHUSY9fKDukR+AXfqQ==",
      "dependencies": {
        "multiformats": "^13.0.0"
      }
    },
    "node_modules/undici-types": {
      "version": "5.26.5",
      "resolved": "https://registry.npmjs.org/undici-types/-/undici-types-5.26.5.tgz",
      "integrity": "sha512-JlCMO+ehdEIKqlFxk6IfVoAUVmgz7cU7zD/h9XZ0qzeosSHmUJVOzSQvvYSYWXkFXC+IfLKSIffhv0sVZup6pA=="
    },
    "node_modules/uuid": {
      "version": "9.0.1",
      "resolved": "https://registry.npmjs.org/uuid/-/uuid-9.0.1.tgz",
      "integrity": "sha512-b+1eJOlsR9K8HJpow9Ok3fiWOWSIcIzXodvv0rQjVoOVNpWMpxf1wZNpt4y9h10odCNrqnYp1OBzRktckBe3sA==",
      "funding": [
        "https://github.com/sponsors/broofa",
        "https://github.com/sponsors/ctavan"
      ],
      "bin": {
        "uuid": "dist/bin/uuid"
      }
    },
    "node_modules/vscode-oniguruma": {
      "version": "1.7.0",
      "resolved": "https://registry.npmjs.org/vscode-oniguruma/-/vscode-oniguruma-1.7.0.tgz",
      "integrity": "sha512-L9WMGRfrjOhgHSdOYgCt/yRMsXzLDJSL7BPrOZt73gU0iWO4mpqzqQzOz5srxqTvMBaR0XZTSrVWo4j55Rc6cA==",
      "dev": true,
      "peer": true
    },
    "node_modules/vscode-textmate": {
      "version": "8.0.0",
      "resolved": "https://registry.npmjs.org/vscode-textmate/-/vscode-textmate-8.0.0.tgz",
      "integrity": "sha512-AFbieoL7a5LMqcnOF04ji+rpXadgOXnZsxQr//r83kLPr7biP7am3g9zbaZIaBGwBRWeSvoMD4mgPdX3e4NWBg==",
      "dev": true,
      "peer": true
    }
  }
}
